
Microsoft Visual Studio Solution File, Format Version 12.00
# Visual Studio Version 17
VisualStudioVersion = 17.12.35527.113
MinimumVisualStudioVersion = 10.0.40219.1
Project("{2150E333-8FDC-42A3-9474-1A3956D46DE8}") = "Services", "Services", "{9EF6D4B3-1734-4B72-9B05-DF46E74EDB3A}"
EndProject
Project("{2150E333-8FDC-42A3-9474-1A3956D46DE8}") = "Catalog", "Catalog", "{E3AFD5B0-80E1-4EFE-9980-C92F3FFBA9CA}"
EndProject
Project("{FAE04EC0-301F-11D3-BF4B-00C04F79EFBC}") = "Catalog.API", "Services\Catalog\Catalog.API\Catalog.API.csproj", "{12D6C024-F89E-4FB7-9615-E2606087F7F0}"
EndProject
Project("{2150E333-8FDC-42A3-9474-1A3956D46DE8}") = "BuildingBlocks", "BuildingBlocks", "{CFC0FA29-70EA-4A0F-B192-0B7913EEA7CE}"
EndProject
Project("{FAE04EC0-301F-11D3-BF4B-00C04F79EFBC}") = "BuildingBlocks", "BuildingBlocks\BuildingBlocks\BuildingBlocks.csproj", "{9A5EA69D-D192-4284-9788-3D045F2C7980}"
EndProject
Project("{E53339B2-1760-4266-BCC7-CA923CBCF16C}") = "docker-compose", "docker-compose.dcproj", "{97B73626-F37E-40CA-9C29-2890F8E4AF86}"
EndProject
Project("{2150E333-8FDC-42A3-9474-1A3956D46DE8}") = "Basket", "Basket", "{80FCA96F-8B7E-4B17-B7DF-94DF0424C46E}"
EndProject
Project("{FAE04EC0-301F-11D3-BF4B-00C04F79EFBC}") = "Basket.API", "Services\Basket\Basket.API\Basket.API.csproj", "{D564523D-4295-4DAD-98C9-7CCB0A7D5A81}"
EndProject
Project("{2150E333-8FDC-42A3-9474-1A3956D46DE8}") = "Discount", "Discount", "{9F2AE66E-BF47-4B91-AC92-4038879F75F9}"
EndProject
Project("{FAE04EC0-301F-11D3-BF4B-00C04F79EFBC}") = "Discount.Grpc", "Services\Discount\Discount.Grpc\Discount.Grpc.csproj", "{0DBE1677-8AF2-4CE0-8011-A65FD8774F5A}"
EndProject
Project("{2150E333-8FDC-42A3-9474-1A3956D46DE8}") = "Ordering", "Ordering", "{945DBEC2-8D2A-4571-B900-C6816BFFFDFF}"
EndProject
Project("{FAE04EC0-301F-11D3-BF4B-00C04F79EFBC}") = "Ordering.API", "Services\Ordering\Ordering.API\Ordering.API.csproj", "{F3D40473-AD3B-4B0F-B418-E4C29031246B}"
EndProject
Project("{FAE04EC0-301F-11D3-BF4B-00C04F79EFBC}") = "Ordering.Application", "Services\Ordering\Ordering.Application\Ordering.Application.csproj", "{E6BC7E6E-D24E-4926-A4B7-C0C9D537792F}"
EndProject
Project("{FAE04EC0-301F-11D3-BF4B-00C04F79EFBC}") = "Ordering.Infrastructure", "Services\Ordering\Ordering.Infrastructure\Ordering.Infrastructure.csproj", "{A74D2319-0C9A-47E4-940D-0A867769CABA}"
EndProject
Project("{FAE04EC0-301F-11D3-BF4B-00C04F79EFBC}") = "Ordering.Domain", "Services\Ordering\Ordering.Domain\Ordering.Domain.csproj", "{2A0CB3D7-4161-4261-9BDA-75F231CBA969}"
EndProject
Global
	GlobalSection(SolutionConfigurationPlatforms) = preSolution
		Debug|Any CPU = Debug|Any CPU
		Release|Any CPU = Release|Any CPU
	EndGlobalSection
	GlobalSection(ProjectConfigurationPlatforms) = postSolution
		{12D6C024-F89E-4FB7-9615-E2606087F7F0}.Debug|Any CPU.ActiveCfg = Debug|Any CPU
		{12D6C024-F89E-4FB7-9615-E2606087F7F0}.Debug|Any CPU.Build.0 = Debug|Any CPU
		{12D6C024-F89E-4FB7-9615-E2606087F7F0}.Release|Any CPU.ActiveCfg = Release|Any CPU
		{12D6C024-F89E-4FB7-9615-E2606087F7F0}.Release|Any CPU.Build.0 = Release|Any CPU
		{9A5EA69D-D192-4284-9788-3D045F2C7980}.Debug|Any CPU.ActiveCfg = Debug|Any CPU
		{9A5EA69D-D192-4284-9788-3D045F2C7980}.Debug|Any CPU.Build.0 = Debug|Any CPU
		{9A5EA69D-D192-4284-9788-3D045F2C7980}.Release|Any CPU.ActiveCfg = Release|Any CPU
		{9A5EA69D-D192-4284-9788-3D045F2C7980}.Release|Any CPU.Build.0 = Release|Any CPU
		{97B73626-F37E-40CA-9C29-2890F8E4AF86}.Debug|Any CPU.ActiveCfg = Debug|Any CPU
		{97B73626-F37E-40CA-9C29-2890F8E4AF86}.Debug|Any CPU.Build.0 = Debug|Any CPU
		{97B73626-F37E-40CA-9C29-2890F8E4AF86}.Release|Any CPU.ActiveCfg = Release|Any CPU
		{97B73626-F37E-40CA-9C29-2890F8E4AF86}.Release|Any CPU.Build.0 = Release|Any CPU
		{D564523D-4295-4DAD-98C9-7CCB0A7D5A81}.Debug|Any CPU.ActiveCfg = Debug|Any CPU
		{D564523D-4295-4DAD-98C9-7CCB0A7D5A81}.Debug|Any CPU.Build.0 = Debug|Any CPU
		{D564523D-4295-4DAD-98C9-7CCB0A7D5A81}.Release|Any CPU.ActiveCfg = Release|Any CPU
		{D564523D-4295-4DAD-98C9-7CCB0A7D5A81}.Release|Any CPU.Build.0 = Release|Any CPU
		{0DBE1677-8AF2-4CE0-8011-A65FD8774F5A}.Debug|Any CPU.ActiveCfg = Debug|Any CPU
		{0DBE1677-8AF2-4CE0-8011-A65FD8774F5A}.Debug|Any CPU.Build.0 = Debug|Any CPU
		{0DBE1677-8AF2-4CE0-8011-A65FD8774F5A}.Release|Any CPU.ActiveCfg = Release|Any CPU
		{0DBE1677-8AF2-4CE0-8011-A65FD8774F5A}.Release|Any CPU.Build.0 = Release|Any CPU
		{F3D40473-AD3B-4B0F-B418-E4C29031246B}.Debug|Any CPU.ActiveCfg = Debug|Any CPU
		{F3D40473-AD3B-4B0F-B418-E4C29031246B}.Debug|Any CPU.Build.0 = Debug|Any CPU
		{F3D40473-AD3B-4B0F-B418-E4C29031246B}.Release|Any CPU.ActiveCfg = Release|Any CPU
		{F3D40473-AD3B-4B0F-B418-E4C29031246B}.Release|Any CPU.Build.0 = Release|Any CPU
		{E6BC7E6E-D24E-4926-A4B7-C0C9D537792F}.Debug|Any CPU.ActiveCfg = Debug|Any CPU
		{E6BC7E6E-D24E-4926-A4B7-C0C9D537792F}.Debug|Any CPU.Build.0 = Debug|Any CPU
		{E6BC7E6E-D24E-4926-A4B7-C0C9D537792F}.Release|Any CPU.ActiveCfg = Release|Any CPU
		{E6BC7E6E-D24E-4926-A4B7-C0C9D537792F}.Release|Any CPU.Build.0 = Release|Any CPU
		{A74D2319-0C9A-47E4-940D-0A867769CABA}.Debug|Any CPU.ActiveCfg = Debug|Any CPU
		{A74D2319-0C9A-47E4-940D-0A867769CABA}.Debug|Any CPU.Build.0 = Debug|Any CPU
		{A74D2319-0C9A-47E4-940D-0A867769CABA}.Release|Any CPU.ActiveCfg = Release|Any CPU
		{A74D2319-0C9A-47E4-940D-0A867769CABA}.Release|Any CPU.Build.0 = Release|Any CPU
		{2A0CB3D7-4161-4261-9BDA-75F231CBA969}.Debug|Any CPU.ActiveCfg = Debug|Any CPU
		{2A0CB3D7-4161-4261-9BDA-75F231CBA969}.Debug|Any CPU.Build.0 = Debug|Any CPU
		{2A0CB3D7-4161-4261-9BDA-75F231CBA969}.Release|Any CPU.ActiveCfg = Release|Any CPU
		{2A0CB3D7-4161-4261-9BDA-75F231CBA969}.Release|Any CPU.Build.0 = Release|Any CPU
	EndGlobalSection
	GlobalSection(SolutionProperties) = preSolution
		HideSolutionNode = FALSE
	EndGlobalSection
	GlobalSection(NestedProjects) = preSolution
		{E3AFD5B0-80E1-4EFE-9980-C92F3FFBA9CA} = {9EF6D4B3-1734-4B72-9B05-DF46E74EDB3A}
		{12D6C024-F89E-4FB7-9615-E2606087F7F0} = {E3AFD5B0-80E1-4EFE-9980-C92F3FFBA9CA}
		{9A5EA69D-D192-4284-9788-3D045F2C7980} = {CFC0FA29-70EA-4A0F-B192-0B7913EEA7CE}
		{80FCA96F-8B7E-4B17-B7DF-94DF0424C46E} = {9EF6D4B3-1734-4B72-9B05-DF46E74EDB3A}
		{D564523D-4295-4DAD-98C9-7CCB0A7D5A81} = {80FCA96F-8B7E-4B17-B7DF-94DF0424C46E}
		{9F2AE66E-BF47-4B91-AC92-4038879F75F9} = {9EF6D4B3-1734-4B72-9B05-DF46E74EDB3A}
		{0DBE1677-8AF2-4CE0-8011-A65FD8774F5A} = {9F2AE66E-BF47-4B91-AC92-4038879F75F9}
		{945DBEC2-8D2A-4571-B900-C6816BFFFDFF} = {9EF6D4B3-1734-4B72-9B05-DF46E74EDB3A}
		{F3D40473-AD3B-4B0F-B418-E4C29031246B} = {945DBEC2-8D2A-4571-B900-C6816BFFFDFF}
		{E6BC7E6E-D24E-4926-A4B7-C0C9D537792F} = {945DBEC2-8D2A-4571-B900-C6816BFFFDFF}
		{A74D2319-0C9A-47E4-940D-0A867769CABA} = {945DBEC2-8D2A-4571-B900-C6816BFFFDFF}
		{2A0CB3D7-4161-4261-9BDA-75F231CBA969} = {945DBEC2-8D2A-4571-B900-C6816BFFFDFF}
	EndGlobalSection
EndGlobal
